
Microsoft Visual Studio Solution File, Format Version 12.00
# Visual Studio 15
VisualStudioVersion = 15.0.28010.2016
MinimumVisualStudioVersion = 10.0.40219.1
Project("{FAE04EC0-301F-11D3-BF4B-00C04F79EFBC}") = "ReplaceWords", "ReplaceWords\ReplaceWords.csproj", "{E56360AF-A94B-4CD7-A956-58073D6392DE}"
EndProject
Global
	GlobalSection(SolutionConfigurationPlatforms) = preSolution
		Debug|Any CPU = Debug|Any CPU
		Release|Any CPU = Release|Any CPU
	EndGlobalSection
	GlobalSection(ProjectConfigurationPlatforms) = postSolution
		{E56360AF-A94B-4CD7-A956-58073D6392DE}.Debug|Any CPU.ActiveCfg = Debug|Any CPU
		{E56360AF-A94B-4CD7-A956-58073D6392DE}.Debug|Any CPU.Build.0 = Debug|Any CPU
		{E56360AF-A94B-4CD7-A956-58073D6392DE}.Release|Any CPU.ActiveCfg = Release|Any CPU
		{E56360AF-A94B-4CD7-A956-58073D6392DE}.Release|Any CPU.Build.0 = Release|Any CPU
	EndGlobalSection
	GlobalSection(SolutionProperties) = preSolution
		HideSolutionNode = FALSE
	EndGlobalSection
	GlobalSection(ExtensibilityGlobals) = postSolution
		SolutionGuid = {4DB4798C-A441-4C22-A435-3DDD3495B3F6}
	EndGlobalSection
EndGlobal
